// !$*UTF8*$!
{
	archiveVersion = 1;
	classes = {
	};
	objectVersion = 56;
	objects = {

/* Begin PBXBuildFile section */
		CF15A8DB2B1A39FC000C43B3 /* BeerAppApp.swift in Sources */ = {isa = PBXBuildFile; fileRef = CF15A8DA2B1A39FC000C43B3 /* BeerAppApp.swift */; };
		CF15A8DD2B1A39FC000C43B3 /* ContentView.swift in Sources */ = {isa = PBXBuildFile; fileRef = CF15A8DC2B1A39FC000C43B3 /* ContentView.swift */; };
		CF15A8DF2B1A39FE000C43B3 /* Assets.xcassets in Resources */ = {isa = PBXBuildFile; fileRef = CF15A8DE2B1A39FE000C43B3 /* Assets.xcassets */; };
		CF15A8E22B1A39FE000C43B3 /* Preview Assets.xcassets in Resources */ = {isa = PBXBuildFile; fileRef = CF15A8E12B1A39FE000C43B3 /* Preview Assets.xcassets */; };
		CF1D6A7D2B24DDAD00787F09 /* BeerListItem.swift in Sources */ = {isa = PBXBuildFile; fileRef = CF1D6A7C2B24DDAD00787F09 /* BeerListItem.swift */; };
		CF89BD852B1F805900959180 /* Brand.swift in Sources */ = {isa = PBXBuildFile; fileRef = CF89BD842B1F805900959180 /* Brand.swift */; };
		CF89BD872B1F806900959180 /* ViewModel.swift in Sources */ = {isa = PBXBuildFile; fileRef = CF89BD862B1F806900959180 /* ViewModel.swift */; };
		CF89BD972B1F878500959180 /* Localizable.xcstrings in Resources */ = {isa = PBXBuildFile; fileRef = CF89BD962B1F878500959180 /* Localizable.xcstrings */; };
		CF8ADAE02B20B7D900B1406C /* AddManufacturerView.swift in Sources */ = {isa = PBXBuildFile; fileRef = CF8ADADF2B20B7D900B1406C /* AddManufacturerView.swift */; };
		CF8ADAE22B220A9800B1406C /* WheatherAPI.swift in Sources */ = {isa = PBXBuildFile; fileRef = CF8ADAE12B220A9800B1406C /* WheatherAPI.swift */; };
		CF8ADAE42B220AC300B1406C /* WheatherViewModel.swift in Sources */ = {isa = PBXBuildFile; fileRef = CF8ADAE32B220AC300B1406C /* WheatherViewModel.swift */; };
		CF8ADAE62B220C7900B1406C /* WheatherView.swift in Sources */ = {isa = PBXBuildFile; fileRef = CF8ADAE52B220C7900B1406C /* WheatherView.swift */; };
		CF8ADAEA2B22170900B1406C /* Beer.swift in Sources */ = {isa = PBXBuildFile; fileRef = CF8ADAE92B22170900B1406C /* Beer.swift */; };
		CF99C7502B25154600AA4411 /* Banking.xcdatamodeld in Sources */ = {isa = PBXBuildFile; fileRef = CF99C74E2B25154600AA4411 /* Banking.xcdatamodeld */; };
		CF99C7522B2518F400AA4411 /* CoreDataManager.swift in Sources */ = {isa = PBXBuildFile; fileRef = CF99C7512B2518F400AA4411 /* CoreDataManager.swift */; };
		CFAEA56E2B25295000287F6A /* FileLoader.swift in Sources */ = {isa = PBXBuildFile; fileRef = CFAEA56D2B25295000287F6A /* FileLoader.swift */; };
		CFBEF94B2B1F8DF800CBF116 /* ListView.swift in Sources */ = {isa = PBXBuildFile; fileRef = CFBEF94A2B1F8DF800CBF116 /* ListView.swift */; };
		CFBEF94D2B1F8E6200CBF116 /* HomeView.swift in Sources */ = {isa = PBXBuildFile; fileRef = CFBEF94C2B1F8E6200CBF116 /* HomeView.swift */; };
		CFBEF94F2B1F8E7000CBF116 /* LoginView.swift in Sources */ = {isa = PBXBuildFile; fileRef = CFBEF94E2B1F8E7000CBF116 /* LoginView.swift */; };
		CFBEF9512B1F8E8300CBF116 /* UserView.swift in Sources */ = {isa = PBXBuildFile; fileRef = CFBEF9502B1F8E8300CBF116 /* UserView.swift */; };
		CFBEF9532B1F8EAB00CBF116 /* UserViewModel.swift in Sources */ = {isa = PBXBuildFile; fileRef = CFBEF9522B1F8EAB00CBF116 /* UserViewModel.swift */; };
		CFBEF9552B1F8F6800CBF116 /* User.swift in Sources */ = {isa = PBXBuildFile; fileRef = CFBEF9542B1F8F6800CBF116 /* User.swift */; };
		CFD0B7F82B24802B00275D0F /* BeerDetailView.swift in Sources */ = {isa = PBXBuildFile; fileRef = CFD0B7F72B24802B00275D0F /* BeerDetailView.swift */; };
		CFD0B7FA2B24806A00275D0F /* ListItem.swift in Sources */ = {isa = PBXBuildFile; fileRef = CFD0B7F92B24806A00275D0F /* ListItem.swift */; };
		CFD0B7FC2B2480B800275D0F /* BeerListView.swift in Sources */ = {isa = PBXBuildFile; fileRef = CFD0B7FB2B2480B800275D0F /* BeerListView.swift */; };
		CFD0B8002B24857C00275D0F /* AddBeerView.swift in Sources */ = {isa = PBXBuildFile; fileRef = CFD0B7FF2B24857C00275D0F /* AddBeerView.swift */; };
		CFD0B8032B2485C400275D0F /* EditBeerView.swift in Sources */ = {isa = PBXBuildFile; fileRef = CFD0B8022B2485C400275D0F /* EditBeerView.swift */; };
		CFDAA3442B2770670020BDFE /* DataModel.sqlite-shm in Resources */ = {isa = PBXBuildFile; fileRef = CFDAA3412B2770660020BDFE /* DataModel.sqlite-shm */; };
		CFDAA3452B2770670020BDFE /* DataModel.sqlite in Resources */ = {isa = PBXBuildFile; fileRef = CFDAA3422B2770670020BDFE /* DataModel.sqlite */; };
		CFDAA3462B2770670020BDFE /* DataModel.sqlite-wal in Resources */ = {isa = PBXBuildFile; fileRef = CFDAA3432B2770670020BDFE /* DataModel.sqlite-wal */; };
		CFF4CF102B26814D005FB671 /* AppDelegate.swift in Sources */ = {isa = PBXBuildFile; fileRef = CFF4CF0F2B26814D005FB671 /* AppDelegate.swift */; };
/* End PBXBuildFile section */

/* Begin PBXFileReference section */
		CF15A8D72B1A39FC000C43B3 /* BeerApp.app */ = {isa = PBXFileReference; explicitFileType = wrapper.application; includeInIndex = 0; path = BeerApp.app; sourceTree = BUILT_PRODUCTS_DIR; };
		CF15A8DA2B1A39FC000C43B3 /* BeerAppApp.swift */ = {isa = PBXFileReference; lastKnownFileType = sourcecode.swift; path = BeerAppApp.swift; sourceTree = "<group>"; };
		CF15A8DC2B1A39FC000C43B3 /* ContentView.swift */ = {isa = PBXFileReference; lastKnownFileType = sourcecode.swift; path = ContentView.swift; sourceTree = "<group>"; };
		CF15A8DE2B1A39FE000C43B3 /* Assets.xcassets */ = {isa = PBXFileReference; lastKnownFileType = folder.assetcatalog; path = Assets.xcassets; sourceTree = "<group>"; };
		CF15A8E12B1A39FE000C43B3 /* Preview Assets.xcassets */ = {isa = PBXFileReference; lastKnownFileType = folder.assetcatalog; path = "Preview Assets.xcassets"; sourceTree = "<group>"; };
		CF1D6A7C2B24DDAD00787F09 /* BeerListItem.swift */ = {isa = PBXFileReference; lastKnownFileType = sourcecode.swift; path = BeerListItem.swift; sourceTree = "<group>"; };
		CF89BD842B1F805900959180 /* Brand.swift */ = {isa = PBXFileReference; lastKnownFileType = sourcecode.swift; path = Brand.swift; sourceTree = "<group>"; };
		CF89BD862B1F806900959180 /* ViewModel.swift */ = {isa = PBXFileReference; lastKnownFileType = sourcecode.swift; path = ViewModel.swift; sourceTree = "<group>"; };
		CF89BD962B1F878500959180 /* Localizable.xcstrings */ = {isa = PBXFileReference; lastKnownFileType = text.json.xcstrings; path = Localizable.xcstrings; sourceTree = "<group>"; };
		CF8ADADF2B20B7D900B1406C /* AddManufacturerView.swift */ = {isa = PBXFileReference; lastKnownFileType = sourcecode.swift; path = AddManufacturerView.swift; sourceTree = "<group>"; };
		CF8ADAE12B220A9800B1406C /* WheatherAPI.swift */ = {isa = PBXFileReference; lastKnownFileType = sourcecode.swift; path = WheatherAPI.swift; sourceTree = "<group>"; };
		CF8ADAE32B220AC300B1406C /* WheatherViewModel.swift */ = {isa = PBXFileReference; lastKnownFileType = sourcecode.swift; path = WheatherViewModel.swift; sourceTree = "<group>"; };
		CF8ADAE52B220C7900B1406C /* WheatherView.swift */ = {isa = PBXFileReference; lastKnownFileType = sourcecode.swift; path = WheatherView.swift; sourceTree = "<group>"; };
		CF8ADAE92B22170900B1406C /* Beer.swift */ = {isa = PBXFileReference; lastKnownFileType = sourcecode.swift; path = Beer.swift; sourceTree = "<group>"; };
		CF99C74F2B25154600AA4411 /* Banking.xcdatamodel */ = {isa = PBXFileReference; lastKnownFileType = wrapper.xcdatamodel; path = Banking.xcdatamodel; sourceTree = "<group>"; };
		CF99C7512B2518F400AA4411 /* CoreDataManager.swift */ = {isa = PBXFileReference; lastKnownFileType = sourcecode.swift; path = CoreDataManager.swift; sourceTree = "<group>"; };
		CFAEA56D2B25295000287F6A /* FileLoader.swift */ = {isa = PBXFileReference; lastKnownFileType = sourcecode.swift; path = FileLoader.swift; sourceTree = "<group>"; };
		CFBEF94A2B1F8DF800CBF116 /* ListView.swift */ = {isa = PBXFileReference; lastKnownFileType = sourcecode.swift; path = ListView.swift; sourceTree = "<group>"; };
		CFBEF94C2B1F8E6200CBF116 /* HomeView.swift */ = {isa = PBXFileReference; lastKnownFileType = sourcecode.swift; path = HomeView.swift; sourceTree = "<group>"; };
		CFBEF94E2B1F8E7000CBF116 /* LoginView.swift */ = {isa = PBXFileReference; lastKnownFileType = sourcecode.swift; path = LoginView.swift; sourceTree = "<group>"; };
		CFBEF9502B1F8E8300CBF116 /* UserView.swift */ = {isa = PBXFileReference; lastKnownFileType = sourcecode.swift; path = UserView.swift; sourceTree = "<group>"; };
		CFBEF9522B1F8EAB00CBF116 /* UserViewModel.swift */ = {isa = PBXFileReference; lastKnownFileType = sourcecode.swift; path = UserViewModel.swift; sourceTree = "<group>"; };
		CFBEF9542B1F8F6800CBF116 /* User.swift */ = {isa = PBXFileReference; lastKnownFileType = sourcecode.swift; path = User.swift; sourceTree = "<group>"; };
		CFD0B7F72B24802B00275D0F /* BeerDetailView.swift */ = {isa = PBXFileReference; lastKnownFileType = sourcecode.swift; path = BeerDetailView.swift; sourceTree = "<group>"; };
		CFD0B7F92B24806A00275D0F /* ListItem.swift */ = {isa = PBXFileReference; lastKnownFileType = sourcecode.swift; path = ListItem.swift; sourceTree = "<group>"; };
		CFD0B7FB2B2480B800275D0F /* BeerListView.swift */ = {isa = PBXFileReference; lastKnownFileType = sourcecode.swift; path = BeerListView.swift; sourceTree = "<group>"; };
		CFD0B7FF2B24857C00275D0F /* AddBeerView.swift */ = {isa = PBXFileReference; lastKnownFileType = sourcecode.swift; path = AddBeerView.swift; sourceTree = "<group>"; };
		CFD0B8022B2485C400275D0F /* EditBeerView.swift */ = {isa = PBXFileReference; lastKnownFileType = sourcecode.swift; path = EditBeerView.swift; sourceTree = "<group>"; };
		CFDAA3412B2770660020BDFE /* DataModel.sqlite-shm */ = {isa = PBXFileReference; lastKnownFileType = file; path = "DataModel.sqlite-shm"; sourceTree = "<group>"; };
		CFDAA3422B2770670020BDFE /* DataModel.sqlite */ = {isa = PBXFileReference; lastKnownFileType = file; path = DataModel.sqlite; sourceTree = "<group>"; };
		CFDAA3432B2770670020BDFE /* DataModel.sqlite-wal */ = {isa = PBXFileReference; lastKnownFileType = file; path = "DataModel.sqlite-wal"; sourceTree = "<group>"; };
		CFF4CF0F2B26814D005FB671 /* AppDelegate.swift */ = {isa = PBXFileReference; lastKnownFileType = sourcecode.swift; path = AppDelegate.swift; sourceTree = "<group>"; };
/* End PBXFileReference section */

/* Begin PBXFrameworksBuildPhase section */
		CF15A8D42B1A39FC000C43B3 /* Frameworks */ = {
			isa = PBXFrameworksBuildPhase;
			buildActionMask = 2147483647;
			files = (
			);
			runOnlyForDeploymentPostprocessing = 0;
		};
/* End PBXFrameworksBuildPhase section */

/* Begin PBXGroup section */
		CF15A8CE2B1A39FC000C43B3 = {
			isa = PBXGroup;
			children = (
				CF15A8D92B1A39FC000C43B3 /* BeerApp */,
				CF15A8D82B1A39FC000C43B3 /* Products */,
			);
			sourceTree = "<group>";
		};
		CF15A8D82B1A39FC000C43B3 /* Products */ = {
			isa = PBXGroup;
			children = (
				CF15A8D72B1A39FC000C43B3 /* BeerApp.app */,
			);
			name = Products;
			sourceTree = "<group>";
		};
		CF15A8D92B1A39FC000C43B3 /* BeerApp */ = {
			isa = PBXGroup;
			children = (
				CF15A8DA2B1A39FC000C43B3 /* BeerAppApp.swift */,
				CFF4CF0F2B26814D005FB671 /* AppDelegate.swift */,
				CFBEF9472B1F8C0500CBF116 /* V */,
				CFBEF9432B1F8BAB00CBF116 /* M */,
				CFBEF9442B1F8BB500CBF116 /* VM */,
				CF15A8DE2B1A39FE000C43B3 /* Assets.xcassets */,
				CF15A8E02B1A39FE000C43B3 /* Preview Content */,
			);
			path = BeerApp;
			sourceTree = "<group>";
		};
		CF15A8E02B1A39FE000C43B3 /* Preview Content */ = {
			isa = PBXGroup;
			children = (
				CF15A8E12B1A39FE000C43B3 /* Preview Assets.xcassets */,
			);
			path = "Preview Content";
			sourceTree = "<group>";
		};
		CFBEF9432B1F8BAB00CBF116 /* M */ = {
			isa = PBXGroup;
			children = (
				CFDAA3472B2770760020BDFE /* PreloadData */,
				CF89BD842B1F805900959180 /* Brand.swift */,
				CF8ADAE92B22170900B1406C /* Beer.swift */,
				CFBEF9542B1F8F6800CBF116 /* User.swift */,
				CF8ADAE12B220A9800B1406C /* WheatherAPI.swift */,
				CF99C74E2B25154600AA4411 /* Banking.xcdatamodeld */,
				CFAEA56D2B25295000287F6A /* FileLoader.swift */,
			);
			path = M;
			sourceTree = "<group>";
		};
		CFBEF9442B1F8BB500CBF116 /* VM */ = {
			isa = PBXGroup;
			children = (
				CF99C7512B2518F400AA4411 /* CoreDataManager.swift */,
				CF89BD862B1F806900959180 /* ViewModel.swift */,
				CFBEF9522B1F8EAB00CBF116 /* UserViewModel.swift */,
				CF8ADAE32B220AC300B1406C /* WheatherViewModel.swift */,
			);
			path = VM;
			sourceTree = "<group>";
		};
		CFBEF9472B1F8C0500CBF116 /* V */ = {
			isa = PBXGroup;
			children = (
				CF89BD962B1F878500959180 /* Localizable.xcstrings */,
				CF15A8DC2B1A39FC000C43B3 /* ContentView.swift */,
				CFBEF94C2B1F8E6200CBF116 /* HomeView.swift */,
				CF8ADAE52B220C7900B1406C /* WheatherView.swift */,
				CFD0B7FE2B24811C00275D0F /* Users */,
				CFD0B7FD2B2480E200275D0F /* Lists */,
				CFD0B8012B24859A00275D0F /* Add */,
			);
			path = V;
			sourceTree = "<group>";
		};
		CFD0B7FD2B2480E200275D0F /* Lists */ = {
			isa = PBXGroup;
			children = (
				CFBEF94A2B1F8DF800CBF116 /* ListView.swift */,
				CFD0B7F92B24806A00275D0F /* ListItem.swift */,
				CFD0B7FB2B2480B800275D0F /* BeerListView.swift */,
				CF1D6A7C2B24DDAD00787F09 /* BeerListItem.swift */,
				CFD0B7F72B24802B00275D0F /* BeerDetailView.swift */,
			);
			path = Lists;
			sourceTree = "<group>";
		};
		CFD0B7FE2B24811C00275D0F /* Users */ = {
			isa = PBXGroup;
			children = (
				CFBEF94E2B1F8E7000CBF116 /* LoginView.swift */,
				CFBEF9502B1F8E8300CBF116 /* UserView.swift */,
			);
			path = Users;
			sourceTree = "<group>";
		};
		CFD0B8012B24859A00275D0F /* Add */ = {
			isa = PBXGroup;
			children = (
				CF8ADADF2B20B7D900B1406C /* AddManufacturerView.swift */,
				CFD0B7FF2B24857C00275D0F /* AddBeerView.swift */,
				CFD0B8022B2485C400275D0F /* EditBeerView.swift */,
			);
			path = Add;
			sourceTree = "<group>";
		};
		CFDAA3472B2770760020BDFE /* PreloadData */ = {
			isa = PBXGroup;
			children = (
				CFDAA3422B2770670020BDFE /* DataModel.sqlite */,
				CFDAA3412B2770660020BDFE /* DataModel.sqlite-shm */,
				CFDAA3432B2770670020BDFE /* DataModel.sqlite-wal */,
			);
			path = PreloadData;
			sourceTree = "<group>";
		};
/* End PBXGroup section */

/* Begin PBXNativeTarget section */
		CF15A8D62B1A39FC000C43B3 /* BeerApp */ = {
			isa = PBXNativeTarget;
			buildConfigurationList = CF15A8E52B1A39FE000C43B3 /* Build configuration list for PBXNativeTarget "BeerApp" */;
			buildPhases = (
				CF15A8D32B1A39FC000C43B3 /* Sources */,
				CF15A8D42B1A39FC000C43B3 /* Frameworks */,
				CF15A8D52B1A39FC000C43B3 /* Resources */,
			);
			buildRules = (
			);
			dependencies = (
			);
			name = BeerApp;
			productName = BeerApp;
			productReference = CF15A8D72B1A39FC000C43B3 /* BeerApp.app */;
			productType = "com.apple.product-type.application";
		};
/* End PBXNativeTarget section */

/* Begin PBXProject section */
		CF15A8CF2B1A39FC000C43B3 /* Project object */ = {
			isa = PBXProject;
			attributes = {
				BuildIndependentTargetsInParallel = 1;
				LastSwiftUpdateCheck = 1500;
				LastUpgradeCheck = 1500;
				TargetAttributes = {
					CF15A8D62B1A39FC000C43B3 = {
						CreatedOnToolsVersion = 15.0.1;
					};
				};
			};
			buildConfigurationList = CF15A8D22B1A39FC000C43B3 /* Build configuration list for PBXProject "BeerApp" */;
			compatibilityVersion = "Xcode 14.0";
			developmentRegion = en;
			hasScannedForEncodings = 0;
			knownRegions = (
				en,
				Base,
				es,
			);
			mainGroup = CF15A8CE2B1A39FC000C43B3;
			productRefGroup = CF15A8D82B1A39FC000C43B3 /* Products */;
			projectDirPath = "";
			projectRoot = "";
			targets = (
				CF15A8D62B1A39FC000C43B3 /* BeerApp */,
			);
		};
/* End PBXProject section */

/* Begin PBXResourcesBuildPhase section */
		CF15A8D52B1A39FC000C43B3 /* Resources */ = {
			isa = PBXResourcesBuildPhase;
			buildActionMask = 2147483647;
			files = (
				CFDAA3442B2770670020BDFE /* DataModel.sqlite-shm in Resources */,
				CFDAA3452B2770670020BDFE /* DataModel.sqlite in Resources */,
				CFDAA3462B2770670020BDFE /* DataModel.sqlite-wal in Resources */,
				CF15A8E22B1A39FE000C43B3 /* Preview Assets.xcassets in Resources */,
				CF15A8DF2B1A39FE000C43B3 /* Assets.xcassets in Resources */,
				CF89BD972B1F878500959180 /* Localizable.xcstrings in Resources */,
			);
			runOnlyForDeploymentPostprocessing = 0;
		};
/* End PBXResourcesBuildPhase section */

/* Begin PBXSourcesBuildPhase section */
		CF15A8D32B1A39FC000C43B3 /* Sources */ = {
			isa = PBXSourcesBuildPhase;
			buildActionMask = 2147483647;
			files = (
				CF89BD852B1F805900959180 /* Brand.swift in Sources */,
				CFBEF94F2B1F8E7000CBF116 /* LoginView.swift in Sources */,
				CF99C7502B25154600AA4411 /* Banking.xcdatamodeld in Sources */,
				CFD0B7F82B24802B00275D0F /* BeerDetailView.swift in Sources */,
				CF15A8DD2B1A39FC000C43B3 /* ContentView.swift in Sources */,
				CF1D6A7D2B24DDAD00787F09 /* BeerListItem.swift in Sources */,
				CF8ADAE42B220AC300B1406C /* WheatherViewModel.swift in Sources */,
				CFBEF9512B1F8E8300CBF116 /* UserView.swift in Sources */,
				CF99C7522B2518F400AA4411 /* CoreDataManager.swift in Sources */,
				CFD0B7FC2B2480B800275D0F /* BeerListView.swift in Sources */,
				CFD0B7FA2B24806A00275D0F /* ListItem.swift in Sources */,
				CF89BD872B1F806900959180 /* ViewModel.swift in Sources */,
				CFBEF94B2B1F8DF800CBF116 /* ListView.swift in Sources */,
				CFF4CF102B26814D005FB671 /* AppDelegate.swift in Sources */,
				CF8ADAE02B20B7D900B1406C /* AddManufacturerView.swift in Sources */,
				CF8ADAEA2B22170900B1406C /* Beer.swift in Sources */,
				CF8ADAE62B220C7900B1406C /* WheatherView.swift in Sources */,
				CFBEF94D2B1F8E6200CBF116 /* HomeView.swift in Sources */,
				CFBEF9532B1F8EAB00CBF116 /* UserViewModel.swift in Sources */,
				CFAEA56E2B25295000287F6A /* FileLoader.swift in Sources */,
				CFD0B8002B24857C00275D0F /* AddBeerView.swift in Sources */,
				CFD0B8032B2485C400275D0F /* EditBeerView.swift in Sources */,
				CFBEF9552B1F8F6800CBF116 /* User.swift in Sources */,
				CF8ADAE22B220A9800B1406C /* WheatherAPI.swift in Sources */,
				CF15A8DB2B1A39FC000C43B3 /* BeerAppApp.swift in Sources */,
			);
			runOnlyForDeploymentPostprocessing = 0;
		};
/* End PBXSourcesBuildPhase section */

/* Begin XCBuildConfiguration section */
		CF15A8E32B1A39FE000C43B3 /* Debug */ = {
			isa = XCBuildConfiguration;
			buildSettings = {
				ALWAYS_SEARCH_USER_PATHS = NO;
				ASSETCATALOG_COMPILER_GENERATE_SWIFT_ASSET_SYMBOL_EXTENSIONS = YES;
				CLANG_ANALYZER_NONNULL = YES;
				CLANG_ANALYZER_NUMBER_OBJECT_CONVERSION = YES_AGGRESSIVE;
				CLANG_CXX_LANGUAGE_STANDARD = "gnu++20";
				CLANG_ENABLE_MODULES = YES;
				CLANG_ENABLE_OBJC_ARC = YES;
				CLANG_ENABLE_OBJC_WEAK = YES;
				CLANG_WARN_BLOCK_CAPTURE_AUTORELEASING = YES;
				CLANG_WARN_BOOL_CONVERSION = YES;
				CLANG_WARN_COMMA = YES;
				CLANG_WARN_CONSTANT_CONVERSION = YES;
				CLANG_WARN_DEPRECATED_OBJC_IMPLEMENTATIONS = YES;
				CLANG_WARN_DIRECT_OBJC_ISA_USAGE = YES_ERROR;
				CLANG_WARN_DOCUMENTATION_COMMENTS = YES;
				CLANG_WARN_EMPTY_BODY = YES;
				CLANG_WARN_ENUM_CONVERSION = YES;
				CLANG_WARN_INFINITE_RECURSION = YES;
				CLANG_WARN_INT_CONVERSION = YES;
				CLANG_WARN_NON_LITERAL_NULL_CONVERSION = YES;
				CLANG_WARN_OBJC_IMPLICIT_RETAIN_SELF = YES;
				CLANG_WARN_OBJC_LITERAL_CONVERSION = YES;
				CLANG_WARN_OBJC_ROOT_CLASS = YES_ERROR;
				CLANG_WARN_QUOTED_INCLUDE_IN_FRAMEWORK_HEADER = YES;
				CLANG_WARN_RANGE_LOOP_ANALYSIS = YES;
				CLANG_WARN_STRICT_PROTOTYPES = YES;
				CLANG_WARN_SUSPICIOUS_MOVE = YES;
				CLANG_WARN_UNGUARDED_AVAILABILITY = YES_AGGRESSIVE;
				CLANG_WARN_UNREACHABLE_CODE = YES;
				CLANG_WARN__DUPLICATE_METHOD_MATCH = YES;
				COPY_PHASE_STRIP = NO;
				DEBUG_INFORMATION_FORMAT = dwarf;
				ENABLE_STRICT_OBJC_MSGSEND = YES;
				ENABLE_TESTABILITY = YES;
				ENABLE_USER_SCRIPT_SANDBOXING = YES;
				GCC_C_LANGUAGE_STANDARD = gnu17;
				GCC_DYNAMIC_NO_PIC = NO;
				GCC_NO_COMMON_BLOCKS = YES;
				GCC_OPTIMIZATION_LEVEL = 0;
				GCC_PREPROCESSOR_DEFINITIONS = (
					"DEBUG=1",
					"$(inherited)",
				);
				GCC_WARN_64_TO_32_BIT_CONVERSION = YES;
				GCC_WARN_ABOUT_RETURN_TYPE = YES_ERROR;
				GCC_WARN_UNDECLARED_SELECTOR = YES;
				GCC_WARN_UNINITIALIZED_AUTOS = YES_AGGRESSIVE;
				GCC_WARN_UNUSED_FUNCTION = YES;
				GCC_WARN_UNUSED_VARIABLE = YES;
				IPHONEOS_DEPLOYMENT_TARGET = 16.4;
				LOCALIZATION_PREFERS_STRING_CATALOGS = YES;
				MTL_ENABLE_DEBUG_INFO = INCLUDE_SOURCE;
				MTL_FAST_MATH = YES;
				ONLY_ACTIVE_ARCH = YES;
				SDKROOT = iphoneos;
				SWIFT_ACTIVE_COMPILATION_CONDITIONS = "DEBUG $(inherited)";
				SWIFT_OPTIMIZATION_LEVEL = "-Onone";
			};
			name = Debug;
		};
		CF15A8E42B1A39FE000C43B3 /* Release */ = {
			isa = XCBuildConfiguration;
			buildSettings = {
				ALWAYS_SEARCH_USER_PATHS = NO;
				ASSETCATALOG_COMPILER_GENERATE_SWIFT_ASSET_SYMBOL_EXTENSIONS = YES;
				CLANG_ANALYZER_NONNULL = YES;
				CLANG_ANALYZER_NUMBER_OBJECT_CONVERSION = YES_AGGRESSIVE;
				CLANG_CXX_LANGUAGE_STANDARD = "gnu++20";
				CLANG_ENABLE_MODULES = YES;
				CLANG_ENABLE_OBJC_ARC = YES;
				CLANG_ENABLE_OBJC_WEAK = YES;
				CLANG_WARN_BLOCK_CAPTURE_AUTORELEASING = YES;
				CLANG_WARN_BOOL_CONVERSION = YES;
				CLANG_WARN_COMMA = YES;
				CLANG_WARN_CONSTANT_CONVERSION = YES;
				CLANG_WARN_DEPRECATED_OBJC_IMPLEMENTATIONS = YES;
				CLANG_WARN_DIRECT_OBJC_ISA_USAGE = YES_ERROR;
				CLANG_WARN_DOCUMENTATION_COMMENTS = YES;
				CLANG_WARN_EMPTY_BODY = YES;
				CLANG_WARN_ENUM_CONVERSION = YES;
				CLANG_WARN_INFINITE_RECURSION = YES;
				CLANG_WARN_INT_CONVERSION = YES;
				CLANG_WARN_NON_LITERAL_NULL_CONVERSION = YES;
				CLANG_WARN_OBJC_IMPLICIT_RETAIN_SELF = YES;
				CLANG_WARN_OBJC_LITERAL_CONVERSION = YES;
				CLANG_WARN_OBJC_ROOT_CLASS = YES_ERROR;
				CLANG_WARN_QUOTED_INCLUDE_IN_FRAMEWORK_HEADER = YES;
				CLANG_WARN_RANGE_LOOP_ANALYSIS = YES;
				CLANG_WARN_STRICT_PROTOTYPES = YES;
				CLANG_WARN_SUSPICIOUS_MOVE = YES;
				CLANG_WARN_UNGUARDED_AVAILABILITY = YES_AGGRESSIVE;
				CLANG_WARN_UNREACHABLE_CODE = YES;
				CLANG_WARN__DUPLICATE_METHOD_MATCH = YES;
				COPY_PHASE_STRIP = NO;
				DEBUG_INFORMATION_FORMAT = "dwarf-with-dsym";
				ENABLE_NS_ASSERTIONS = NO;
				ENABLE_STRICT_OBJC_MSGSEND = YES;
				ENABLE_USER_SCRIPT_SANDBOXING = YES;
				GCC_C_LANGUAGE_STANDARD = gnu17;
				GCC_NO_COMMON_BLOCKS = YES;
				GCC_WARN_64_TO_32_BIT_CONVERSION = YES;
				GCC_WARN_ABOUT_RETURN_TYPE = YES_ERROR;
				GCC_WARN_UNDECLARED_SELECTOR = YES;
				GCC_WARN_UNINITIALIZED_AUTOS = YES_AGGRESSIVE;
				GCC_WARN_UNUSED_FUNCTION = YES;
				GCC_WARN_UNUSED_VARIABLE = YES;
				IPHONEOS_DEPLOYMENT_TARGET = 16.4;
				LOCALIZATION_PREFERS_STRING_CATALOGS = YES;
				MTL_ENABLE_DEBUG_INFO = NO;
				MTL_FAST_MATH = YES;
				SDKROOT = iphoneos;
				SWIFT_COMPILATION_MODE = wholemodule;
				VALIDATE_PRODUCT = YES;
			};
			name = Release;
		};
		CF15A8E62B1A39FE000C43B3 /* Debug */ = {
			isa = XCBuildConfiguration;
			buildSettings = {
				ASSETCATALOG_COMPILER_APPICON_NAME = AppIcon;
				ASSETCATALOG_COMPILER_GLOBAL_ACCENT_COLOR_NAME = AccentColor;
				CODE_SIGN_STYLE = Automatic;
				CURRENT_PROJECT_VERSION = 1;
				DEVELOPMENT_ASSET_PATHS = "\"BeerApp/Preview Content\"";
				DEVELOPMENT_TEAM = Y95WA52UVP;
				ENABLE_PREVIEWS = YES;
				GENERATE_INFOPLIST_FILE = YES;
				INFOPLIST_KEY_NSCameraUsageDescription = "Necesitamos acceso a tu camara para poder añadir imágenes";
				INFOPLIST_KEY_NSLocationWhenInUseUsageDescription = "Necesitamos acceso a tu ubicación para proporcionar la previsión del tiempo para tu área";
				INFOPLIST_KEY_NSPhotoLibraryAddUsageDescription = "Necesitamos acceso a tu libreria de fotos para poder añadir imágenes";
				INFOPLIST_KEY_NSPhotoLibraryUsageDescription = "Necesitamos acceso a tu libreria de fotos para poder añadir imágenes";
				INFOPLIST_KEY_UIApplicationSceneManifest_Generation = YES;
				INFOPLIST_KEY_UIApplicationSupportsIndirectInputEvents = YES;
				INFOPLIST_KEY_UILaunchScreen_Generation = YES;
				INFOPLIST_KEY_UISupportedInterfaceOrientations_iPad = "UIInterfaceOrientationPortrait UIInterfaceOrientationPortraitUpsideDown UIInterfaceOrientationLandscapeLeft UIInterfaceOrientationLandscapeRight";
				INFOPLIST_KEY_UISupportedInterfaceOrientations_iPhone = "UIInterfaceOrientationPortrait UIInterfaceOrientationLandscapeLeft UIInterfaceOrientationLandscapeRight";
				IPHONEOS_DEPLOYMENT_TARGET = 16.4;
				LD_RUNPATH_SEARCH_PATHS = (
					"$(inherited)",
					"@executable_path/Frameworks",
				);
				MARKETING_VERSION = 1.0;
				PRODUCT_BUNDLE_IDENTIFIER = daa2023.BeerApp;
				PRODUCT_NAME = "$(TARGET_NAME)";
				SWIFT_EMIT_LOC_STRINGS = YES;
				SWIFT_VERSION = 5.0;
				TARGETED_DEVICE_FAMILY = "1,2";
			};
			name = Debug;
		};
		CF15A8E72B1A39FE000C43B3 /* Release */ = {
			isa = XCBuildConfiguration;
			buildSettings = {
				ASSETCATALOG_COMPILER_APPICON_NAME = AppIcon;
				ASSETCATALOG_COMPILER_GLOBAL_ACCENT_COLOR_NAME = AccentColor;
				CODE_SIGN_STYLE = Automatic;
				CURRENT_PROJECT_VERSION = 1;
				DEVELOPMENT_ASSET_PATHS = "\"BeerApp/Preview Content\"";
				DEVELOPMENT_TEAM = Y95WA52UVP;
				ENABLE_PREVIEWS = YES;
				GENERATE_INFOPLIST_FILE = YES;
				INFOPLIST_KEY_NSCameraUsageDescription = "Necesitamos acceso a tu camara para poder añadir imágenes";
				INFOPLIST_KEY_NSLocationWhenInUseUsageDescription = "Necesitamos acceso a tu ubicación para proporcionar la previsión del tiempo para tu área";
				INFOPLIST_KEY_NSPhotoLibraryAddUsageDescription = "Necesitamos acceso a tu libreria de fotos para poder añadir imágenes";
				INFOPLIST_KEY_NSPhotoLibraryUsageDescription = "Necesitamos acceso a tu libreria de fotos para poder añadir imágenes";
				INFOPLIST_KEY_UIApplicationSceneManifest_Generation = YES;
				INFOPLIST_KEY_UIApplicationSupportsIndirectInputEvents = YES;
				INFOPLIST_KEY_UILaunchScreen_Generation = YES;
				INFOPLIST_KEY_UISupportedInterfaceOrientations_iPad = "UIInterfaceOrientationPortrait UIInterfaceOrientationPortraitUpsideDown UIInterfaceOrientationLandscapeLeft UIInterfaceOrientationLandscapeRight";
				INFOPLIST_KEY_UISupportedInterfaceOrientations_iPhone = "UIInterfaceOrientationPortrait UIInterfaceOrientationLandscapeLeft UIInterfaceOrientationLandscapeRight";
				IPHONEOS_DEPLOYMENT_TARGET = 16.4;
				LD_RUNPATH_SEARCH_PATHS = (
					"$(inherited)",
					"@executable_path/Frameworks",
				);
				MARKETING_VERSION = 1.0;
				PRODUCT_BUNDLE_IDENTIFIER = daa2023.BeerApp;
				PRODUCT_NAME = "$(TARGET_NAME)";
				SWIFT_EMIT_LOC_STRINGS = YES;
				SWIFT_VERSION = 5.0;
				TARGETED_DEVICE_FAMILY = "1,2";
			};
			name = Release;
		};
/* End XCBuildConfiguration section */

/* Begin XCConfigurationList section */
		CF15A8D22B1A39FC000C43B3 /* Build configuration list for PBXProject "BeerApp" */ = {
			isa = XCConfigurationList;
			buildConfigurations = (
				CF15A8E32B1A39FE000C43B3 /* Debug */,
				CF15A8E42B1A39FE000C43B3 /* Release */,
			);
			defaultConfigurationIsVisible = 0;
			defaultConfigurationName = Release;
		};
		CF15A8E52B1A39FE000C43B3 /* Build configuration list for PBXNativeTarget "BeerApp" */ = {
			isa = XCConfigurationList;
			buildConfigurations = (
				CF15A8E62B1A39FE000C43B3 /* Debug */,
				CF15A8E72B1A39FE000C43B3 /* Release */,
			);
			defaultConfigurationIsVisible = 0;
			defaultConfigurationName = Release;
		};
/* End XCConfigurationList section */

/* Begin XCVersionGroup section */
		CF99C74E2B25154600AA4411 /* Banking.xcdatamodeld */ = {
			isa = XCVersionGroup;
			children = (
				CF99C74F2B25154600AA4411 /* Banking.xcdatamodel */,
			);
			currentVersion = CF99C74F2B25154600AA4411 /* Banking.xcdatamodel */;
			path = Banking.xcdatamodeld;
			sourceTree = "<group>";
			versionGroupType = wrapper.xcdatamodel;
		};
/* End XCVersionGroup section */
	};
	rootObject = CF15A8CF2B1A39FC000C43B3 /* Project object */;
}
